
Microsoft Visual Studio Solution File, Format Version 12.00
# Visual Studio 14
VisualStudioVersion = 14.0.25123.0
MinimumVisualStudioVersion = 10.0.40219.1
Project("{FAE04EC0-301F-11D3-BF4B-00C04F79EFBC}") = "ProjectProposal", "ProjectProposal\ProjectProposal.csproj", "{C15B3BB1-DF9B-4342-9CF9-BC6672D3642F}"
EndProject
Global
	GlobalSection(SolutionConfigurationPlatforms) = preSolution
		Debug|ARM = Debug|ARM
		Debug|x64 = Debug|x64
		Debug|x86 = Debug|x86
		Release|ARM = Release|ARM
		Release|x64 = Release|x64
		Release|x86 = Release|x86
	EndGlobalSection
	GlobalSection(ProjectConfigurationPlatforms) = postSolution
		{C15B3BB1-DF9B-4342-9CF9-BC6672D3642F}.Debug|ARM.ActiveCfg = Debug|ARM
		{C15B3BB1-DF9B-4342-9CF9-BC6672D3642F}.Debug|ARM.Build.0 = Debug|ARM
		{C15B3BB1-DF9B-4342-9CF9-BC6672D3642F}.Debug|ARM.Deploy.0 = Debug|ARM
		{C15B3BB1-DF9B-4342-9CF9-BC6672D3642F}.Debug|x64.ActiveCfg = Debug|x64
		{C15B3BB1-DF9B-4342-9CF9-BC6672D3642F}.Debug|x64.Build.0 = Debug|x64
		{C15B3BB1-DF9B-4342-9CF9-BC6672D3642F}.Debug|x64.Deploy.0 = Debug|x64
		{C15B3BB1-DF9B-4342-9CF9-BC6672D3642F}.Debug|x86.ActiveCfg = Debug|x86
		{C15B3BB1-DF9B-4342-9CF9-BC6672D3642F}.Debug|x86.Build.0 = Debug|x86
		{C15B3BB1-DF9B-4342-9CF9-BC6672D3642F}.Debug|x86.Deploy.0 = Debug|x86
		{C15B3BB1-DF9B-4342-9CF9-BC6672D3642F}.Release|ARM.ActiveCfg = Release|ARM
		{C15B3BB1-DF9B-4342-9CF9-BC6672D3642F}.Release|ARM.Build.0 = Release|ARM
		{C15B3BB1-DF9B-4342-9CF9-BC6672D3642F}.Release|ARM.Deploy.0 = Release|ARM
		{C15B3BB1-DF9B-4342-9CF9-BC6672D3642F}.Release|x64.ActiveCfg = Release|x64
		{C15B3BB1-DF9B-4342-9CF9-BC6672D3642F}.Release|x64.Build.0 = Release|x64
		{C15B3BB1-DF9B-4342-9CF9-BC6672D3642F}.Release|x64.Deploy.0 = Release|x64
		{C15B3BB1-DF9B-4342-9CF9-BC6672D3642F}.Release|x86.ActiveCfg = Release|x86
		{C15B3BB1-DF9B-4342-9CF9-BC6672D3642F}.Release|x86.Build.0 = Release|x86
		{C15B3BB1-DF9B-4342-9CF9-BC6672D3642F}.Release|x86.Deploy.0 = Release|x86
	EndGlobalSection
	GlobalSection(SolutionProperties) = preSolution
		HideSolutionNode = FALSE
	EndGlobalSection
EndGlobal
